
Microsoft Visual Studio Solution File, Format Version 12.00
# Visual Studio Version 17
VisualStudioVersion = 17.4.33205.214
MinimumVisualStudioVersion = 10.0.40219.1
Project("{9A19103F-16F7-4668-BE54-9A1E7A4F7556}") = "We.Turf.Domain", "src\We.Turf.Domain\We.Turf.Domain.csproj", "{554AD327-6DBA-4F8F-96F8-81CE7A0C863F}"
EndProject
Project("{9A19103F-16F7-4668-BE54-9A1E7A4F7556}") = "We.Turf.Application", "src\We.Turf.Application\We.Turf.Application.csproj", "{1A94A50E-06DC-43C1-80B5-B662820EC3EB}"
EndProject
Project("{9A19103F-16F7-4668-BE54-9A1E7A4F7556}") = "We.Turf.EntityFrameworkCore", "src\We.Turf.EntityFrameworkCore\We.Turf.EntityFrameworkCore.csproj", "{C956DD76-69C8-4A9C-83EA-D17DF83340FD}"
EndProject
Project("{2150E333-8FDC-42A3-9474-1A3956D46DE8}") = "src", "src", "{CA9AC87F-097E-4F15-8393-4BC07735A5B0}"
EndProject
Project("{2150E333-8FDC-42A3-9474-1A3956D46DE8}") = "test", "test", "{04DBDB01-70F4-4E06-B468-8F87850B22BE}"
EndProject
Project("{9A19103F-16F7-4668-BE54-9A1E7A4F7556}") = "We.Turf.Application.Tests", "test\We.Turf.Application.Tests\We.Turf.Application.Tests.csproj", "{50B2631D-129C-47B3-A587-029CCD6099BC}"
EndProject
Project("{9A19103F-16F7-4668-BE54-9A1E7A4F7556}") = "We.Turf.Domain.Shared", "src\We.Turf.Domain.Shared\We.Turf.Domain.Shared.csproj", "{42F719ED-8413-4895-B5B4-5AB56079BC66}"
EndProject
Project("{9A19103F-16F7-4668-BE54-9A1E7A4F7556}") = "We.Turf.Application.Contracts", "src\We.Turf.Application.Contracts\We.Turf.Application.Contracts.csproj", "{520659C8-C734-4298-A3DA-B539DB9DFC0B}"
EndProject
Project("{9A19103F-16F7-4668-BE54-9A1E7A4F7556}") = "We.Turf.HttpApi", "src\We.Turf.HttpApi\We.Turf.HttpApi.csproj", "{4164BDF7-F527-4E85-9CE6-E3C2D7426A27}"
EndProject
Project("{9A19103F-16F7-4668-BE54-9A1E7A4F7556}") = "We.Turf.HttpApi.Client", "src\We.Turf.HttpApi.Client\We.Turf.HttpApi.Client.csproj", "{3B5A0094-670D-4BB1-BFDD-61B88A8773DC}"
EndProject
Project("{9A19103F-16F7-4668-BE54-9A1E7A4F7556}") = "We.Turf.EntityFrameworkCore.Tests", "test\We.Turf.EntityFrameworkCore.Tests\We.Turf.EntityFrameworkCore.Tests.csproj", "{1FE30EB9-74A9-47F5-A9F6-7B1FAB672D81}"
EndProject
Project("{9A19103F-16F7-4668-BE54-9A1E7A4F7556}") = "We.Turf.Domain.Tests", "test\We.Turf.Domain.Tests\We.Turf.Domain.Tests.csproj", "{E512F4D9-9375-480F-A2F6-A46509F9D824}"
EndProject
Project("{9A19103F-16F7-4668-BE54-9A1E7A4F7556}") = "We.Turf.HttpApi.Client.ConsoleTestApp", "test\We.Turf.HttpApi.Client.ConsoleTestApp\We.Turf.HttpApi.Client.ConsoleTestApp.csproj", "{EF480016-9127-4916-8735-D2466BDBC582}"
EndProject
Project("{9A19103F-16F7-4668-BE54-9A1E7A4F7556}") = "We.Turf.DbMigrator", "src\We.Turf.DbMigrator\We.Turf.DbMigrator.csproj", "{AA94D832-1CCC-4715-95A9-A483F23A1A5D}"
EndProject
Project("{9A19103F-16F7-4668-BE54-9A1E7A4F7556}") = "We.Turf.Blazor", "src\We.Turf.Blazor\We.Turf.Blazor.csproj", "{16F0BF4E-7D73-4278-8D9A-7CDE37105C6B}"
EndProject
Project("{2150E333-8FDC-42A3-9474-1A3956D46DE8}") = "services", "services", "{FAB1D8F0-FE5E-48DD-9382-F8A24B12966E}"
EndProject
Project("{2150E333-8FDC-42A3-9474-1A3956D46DE8}") = "libraries", "libraries", "{A23E5F10-5900-4630-B50B-F2458BCAB0BF}"
EndProject
Project("{9A19103F-16F7-4668-BE54-9A1E7A4F7556}") = "We.Csv", "libraries\We.Csv\We.Csv.csproj", "{B0902802-4DDD-4A37-8727-96315643A048}"
EndProject
Project("{9A19103F-16F7-4668-BE54-9A1E7A4F7556}") = "We.Turf.TestBase", "test\We.Turf.TestBase\We.Turf.TestBase.csproj", "{11F53BAC-A37D-4ED2-B4E3-45E470DC557B}"
EndProject
Project("{9A19103F-16F7-4668-BE54-9A1E7A4F7556}") = "We.Csv.Tests", "test\We.Csv.Tests\We.Csv.Tests.csproj", "{53BFB850-B0C3-4B4B-92CB-5A1898A56063}"
EndProject
Project("{9A19103F-16F7-4668-BE54-9A1E7A4F7556}") = "We.Utilities", "libraries\We.Utilities\We.Utilities.csproj", "{2EE960F2-10EF-4EFB-858F-D2F9D0D2423F}"
EndProject
Project("{9A19103F-16F7-4668-BE54-9A1E7A4F7556}") = "We.Utilities.Tests", "test\We.Utilities.Tests\We.Utilities.Tests.csproj", "{916A5304-6E92-46C8-96BC-A854AF0ED208}"
EndProject
Global
	GlobalSection(SolutionConfigurationPlatforms) = preSolution
		Debug|Any CPU = Debug|Any CPU
		Release|Any CPU = Release|Any CPU
	EndGlobalSection
	GlobalSection(ProjectConfigurationPlatforms) = postSolution
		{554AD327-6DBA-4F8F-96F8-81CE7A0C863F}.Debug|Any CPU.ActiveCfg = Debug|Any CPU
		{554AD327-6DBA-4F8F-96F8-81CE7A0C863F}.Debug|Any CPU.Build.0 = Debug|Any CPU
		{554AD327-6DBA-4F8F-96F8-81CE7A0C863F}.Release|Any CPU.ActiveCfg = Release|Any CPU
		{554AD327-6DBA-4F8F-96F8-81CE7A0C863F}.Release|Any CPU.Build.0 = Release|Any CPU
		{1A94A50E-06DC-43C1-80B5-B662820EC3EB}.Debug|Any CPU.ActiveCfg = Debug|Any CPU
		{1A94A50E-06DC-43C1-80B5-B662820EC3EB}.Debug|Any CPU.Build.0 = Debug|Any CPU
		{1A94A50E-06DC-43C1-80B5-B662820EC3EB}.Release|Any CPU.ActiveCfg = Release|Any CPU
		{1A94A50E-06DC-43C1-80B5-B662820EC3EB}.Release|Any CPU.Build.0 = Release|Any CPU
		{C956DD76-69C8-4A9C-83EA-D17DF83340FD}.Debug|Any CPU.ActiveCfg = Debug|Any CPU
		{C956DD76-69C8-4A9C-83EA-D17DF83340FD}.Debug|Any CPU.Build.0 = Debug|Any CPU
		{C956DD76-69C8-4A9C-83EA-D17DF83340FD}.Release|Any CPU.ActiveCfg = Release|Any CPU
		{C956DD76-69C8-4A9C-83EA-D17DF83340FD}.Release|Any CPU.Build.0 = Release|Any CPU
		{50B2631D-129C-47B3-A587-029CCD6099BC}.Debug|Any CPU.ActiveCfg = Debug|Any CPU
		{50B2631D-129C-47B3-A587-029CCD6099BC}.Debug|Any CPU.Build.0 = Debug|Any CPU
		{50B2631D-129C-47B3-A587-029CCD6099BC}.Release|Any CPU.ActiveCfg = Release|Any CPU
		{50B2631D-129C-47B3-A587-029CCD6099BC}.Release|Any CPU.Build.0 = Release|Any CPU
		{42F719ED-8413-4895-B5B4-5AB56079BC66}.Debug|Any CPU.ActiveCfg = Debug|Any CPU
		{42F719ED-8413-4895-B5B4-5AB56079BC66}.Debug|Any CPU.Build.0 = Debug|Any CPU
		{42F719ED-8413-4895-B5B4-5AB56079BC66}.Release|Any CPU.ActiveCfg = Release|Any CPU
		{42F719ED-8413-4895-B5B4-5AB56079BC66}.Release|Any CPU.Build.0 = Release|Any CPU
		{520659C8-C734-4298-A3DA-B539DB9DFC0B}.Debug|Any CPU.ActiveCfg = Debug|Any CPU
		{520659C8-C734-4298-A3DA-B539DB9DFC0B}.Debug|Any CPU.Build.0 = Debug|Any CPU
		{520659C8-C734-4298-A3DA-B539DB9DFC0B}.Release|Any CPU.ActiveCfg = Release|Any CPU
		{520659C8-C734-4298-A3DA-B539DB9DFC0B}.Release|Any CPU.Build.0 = Release|Any CPU
		{4164BDF7-F527-4E85-9CE6-E3C2D7426A27}.Debug|Any CPU.ActiveCfg = Debug|Any CPU
		{4164BDF7-F527-4E85-9CE6-E3C2D7426A27}.Debug|Any CPU.Build.0 = Debug|Any CPU
		{4164BDF7-F527-4E85-9CE6-E3C2D7426A27}.Release|Any CPU.ActiveCfg = Release|Any CPU
		{4164BDF7-F527-4E85-9CE6-E3C2D7426A27}.Release|Any CPU.Build.0 = Release|Any CPU
		{3B5A0094-670D-4BB1-BFDD-61B88A8773DC}.Debug|Any CPU.ActiveCfg = Debug|Any CPU
		{3B5A0094-670D-4BB1-BFDD-61B88A8773DC}.Debug|Any CPU.Build.0 = Debug|Any CPU
		{3B5A0094-670D-4BB1-BFDD-61B88A8773DC}.Release|Any CPU.ActiveCfg = Release|Any CPU
		{3B5A0094-670D-4BB1-BFDD-61B88A8773DC}.Release|Any CPU.Build.0 = Release|Any CPU
		{1FE30EB9-74A9-47F5-A9F6-7B1FAB672D81}.Debug|Any CPU.ActiveCfg = Debug|Any CPU
		{1FE30EB9-74A9-47F5-A9F6-7B1FAB672D81}.Debug|Any CPU.Build.0 = Debug|Any CPU
		{1FE30EB9-74A9-47F5-A9F6-7B1FAB672D81}.Release|Any CPU.ActiveCfg = Release|Any CPU
		{1FE30EB9-74A9-47F5-A9F6-7B1FAB672D81}.Release|Any CPU.Build.0 = Release|Any CPU
		{E512F4D9-9375-480F-A2F6-A46509F9D824}.Debug|Any CPU.ActiveCfg = Debug|Any CPU
		{E512F4D9-9375-480F-A2F6-A46509F9D824}.Debug|Any CPU.Build.0 = Debug|Any CPU
		{E512F4D9-9375-480F-A2F6-A46509F9D824}.Release|Any CPU.ActiveCfg = Release|Any CPU
		{E512F4D9-9375-480F-A2F6-A46509F9D824}.Release|Any CPU.Build.0 = Release|Any CPU
		{EF480016-9127-4916-8735-D2466BDBC582}.Debug|Any CPU.ActiveCfg = Debug|Any CPU
		{EF480016-9127-4916-8735-D2466BDBC582}.Debug|Any CPU.Build.0 = Debug|Any CPU
		{EF480016-9127-4916-8735-D2466BDBC582}.Release|Any CPU.ActiveCfg = Release|Any CPU
		{EF480016-9127-4916-8735-D2466BDBC582}.Release|Any CPU.Build.0 = Release|Any CPU
		{AA94D832-1CCC-4715-95A9-A483F23A1A5D}.Debug|Any CPU.ActiveCfg = Debug|Any CPU
		{AA94D832-1CCC-4715-95A9-A483F23A1A5D}.Debug|Any CPU.Build.0 = Debug|Any CPU
		{AA94D832-1CCC-4715-95A9-A483F23A1A5D}.Release|Any CPU.ActiveCfg = Release|Any CPU
		{AA94D832-1CCC-4715-95A9-A483F23A1A5D}.Release|Any CPU.Build.0 = Release|Any CPU
		{16F0BF4E-7D73-4278-8D9A-7CDE37105C6B}.Debug|Any CPU.ActiveCfg = Debug|Any CPU
		{16F0BF4E-7D73-4278-8D9A-7CDE37105C6B}.Debug|Any CPU.Build.0 = Debug|Any CPU
		{16F0BF4E-7D73-4278-8D9A-7CDE37105C6B}.Release|Any CPU.ActiveCfg = Release|Any CPU
		{16F0BF4E-7D73-4278-8D9A-7CDE37105C6B}.Release|Any CPU.Build.0 = Release|Any CPU
		{B0902802-4DDD-4A37-8727-96315643A048}.Debug|Any CPU.ActiveCfg = Debug|Any CPU
		{B0902802-4DDD-4A37-8727-96315643A048}.Debug|Any CPU.Build.0 = Debug|Any CPU
		{B0902802-4DDD-4A37-8727-96315643A048}.Release|Any CPU.ActiveCfg = Release|Any CPU
		{B0902802-4DDD-4A37-8727-96315643A048}.Release|Any CPU.Build.0 = Release|Any CPU
		{11F53BAC-A37D-4ED2-B4E3-45E470DC557B}.Debug|Any CPU.ActiveCfg = Debug|Any CPU
		{11F53BAC-A37D-4ED2-B4E3-45E470DC557B}.Debug|Any CPU.Build.0 = Debug|Any CPU
		{11F53BAC-A37D-4ED2-B4E3-45E470DC557B}.Release|Any CPU.ActiveCfg = Release|Any CPU
		{11F53BAC-A37D-4ED2-B4E3-45E470DC557B}.Release|Any CPU.Build.0 = Release|Any CPU
		{53BFB850-B0C3-4B4B-92CB-5A1898A56063}.Debug|Any CPU.ActiveCfg = Debug|Any CPU
		{53BFB850-B0C3-4B4B-92CB-5A1898A56063}.Debug|Any CPU.Build.0 = Debug|Any CPU
		{53BFB850-B0C3-4B4B-92CB-5A1898A56063}.Release|Any CPU.ActiveCfg = Release|Any CPU
		{53BFB850-B0C3-4B4B-92CB-5A1898A56063}.Release|Any CPU.Build.0 = Release|Any CPU
		{2EE960F2-10EF-4EFB-858F-D2F9D0D2423F}.Debug|Any CPU.ActiveCfg = Debug|Any CPU
		{2EE960F2-10EF-4EFB-858F-D2F9D0D2423F}.Debug|Any CPU.Build.0 = Debug|Any CPU
		{2EE960F2-10EF-4EFB-858F-D2F9D0D2423F}.Release|Any CPU.ActiveCfg = Release|Any CPU
		{2EE960F2-10EF-4EFB-858F-D2F9D0D2423F}.Release|Any CPU.Build.0 = Release|Any CPU
		{916A5304-6E92-46C8-96BC-A854AF0ED208}.Debug|Any CPU.ActiveCfg = Debug|Any CPU
		{916A5304-6E92-46C8-96BC-A854AF0ED208}.Debug|Any CPU.Build.0 = Debug|Any CPU
		{916A5304-6E92-46C8-96BC-A854AF0ED208}.Release|Any CPU.ActiveCfg = Release|Any CPU
		{916A5304-6E92-46C8-96BC-A854AF0ED208}.Release|Any CPU.Build.0 = Release|Any CPU
	EndGlobalSection
	GlobalSection(SolutionProperties) = preSolution
		HideSolutionNode = FALSE
	EndGlobalSection
	GlobalSection(NestedProjects) = preSolution
		{554AD327-6DBA-4F8F-96F8-81CE7A0C863F} = {CA9AC87F-097E-4F15-8393-4BC07735A5B0}
		{1A94A50E-06DC-43C1-80B5-B662820EC3EB} = {CA9AC87F-097E-4F15-8393-4BC07735A5B0}
		{C956DD76-69C8-4A9C-83EA-D17DF83340FD} = {CA9AC87F-097E-4F15-8393-4BC07735A5B0}
		{50B2631D-129C-47B3-A587-029CCD6099BC} = {04DBDB01-70F4-4E06-B468-8F87850B22BE}
		{42F719ED-8413-4895-B5B4-5AB56079BC66} = {A23E5F10-5900-4630-B50B-F2458BCAB0BF}
		{520659C8-C734-4298-A3DA-B539DB9DFC0B} = {CA9AC87F-097E-4F15-8393-4BC07735A5B0}
		{4164BDF7-F527-4E85-9CE6-E3C2D7426A27} = {CA9AC87F-097E-4F15-8393-4BC07735A5B0}
		{3B5A0094-670D-4BB1-BFDD-61B88A8773DC} = {CA9AC87F-097E-4F15-8393-4BC07735A5B0}
		{1FE30EB9-74A9-47F5-A9F6-7B1FAB672D81} = {04DBDB01-70F4-4E06-B468-8F87850B22BE}
		{E512F4D9-9375-480F-A2F6-A46509F9D824} = {04DBDB01-70F4-4E06-B468-8F87850B22BE}
		{EF480016-9127-4916-8735-D2466BDBC582} = {04DBDB01-70F4-4E06-B468-8F87850B22BE}
		{AA94D832-1CCC-4715-95A9-A483F23A1A5D} = {CA9AC87F-097E-4F15-8393-4BC07735A5B0}
		{16F0BF4E-7D73-4278-8D9A-7CDE37105C6B} = {CA9AC87F-097E-4F15-8393-4BC07735A5B0}
		{B0902802-4DDD-4A37-8727-96315643A048} = {A23E5F10-5900-4630-B50B-F2458BCAB0BF}
		{11F53BAC-A37D-4ED2-B4E3-45E470DC557B} = {04DBDB01-70F4-4E06-B468-8F87850B22BE}
		{53BFB850-B0C3-4B4B-92CB-5A1898A56063} = {04DBDB01-70F4-4E06-B468-8F87850B22BE}
		{2EE960F2-10EF-4EFB-858F-D2F9D0D2423F} = {A23E5F10-5900-4630-B50B-F2458BCAB0BF}
		{916A5304-6E92-46C8-96BC-A854AF0ED208} = {04DBDB01-70F4-4E06-B468-8F87850B22BE}
	EndGlobalSection
	GlobalSection(ExtensibilityGlobals) = postSolution
		SolutionGuid = {28315BFD-90E7-4E14-A2EA-F3D23AF4126F}
	EndGlobalSection
EndGlobal
